{
  "nodes": {
    "extensions": {
      "inputs": {
        "flake-utils": "flake-utils",
        "nixpkgs": [
          "nixpkgs"
        ]
      },
      "locked": {
        "lastModified": 1745978191,
        "narHash": "sha256-DC9GhExyUbJKbBMgs+YA4fuUzOqUPuA6pR0mDI3MELk=",
        "owner": "nix-community",
        "repo": "nix-vscode-extensions",
        "rev": "72da67da783674ef82032f4d5bcf686a7ccd8776",
        "type": "github"
      },
      "original": {
        "owner": "nix-community",
        "repo": "nix-vscode-extensions",
        "type": "github"
      }
    },
    "fenix": {
      "inputs": {
        "nixpkgs": [
          "nixpkgs"
        ],
        "rust-analyzer-src": "rust-analyzer-src"
      },
      "locked": {
        "lastModified": 1746427067,
        "narHash": "sha256-MlBKT0A2nK8LHDkeg3jrG2wo80C1bSGyT2tmKrc6pM0=",
        "owner": "nix-community",
        "repo": "fenix",
        "rev": "9e7d648c1f8fdf7beb9b0b1abb3a41d0d8b5fb05",
        "type": "github"
      },
      "original": {
        "owner": "nix-community",
        "repo": "fenix",
        "type": "github"
      }
    },
    "flake-utils": {
      "inputs": {
        "systems": "systems"
      },
      "locked": {
        "lastModified": 1731533236,
        "narHash": "sha256-l0KFg5HjrsfsO/JpG+r7fRrqm12kzFHyUHqHCVpMMbI=",
        "owner": "numtide",
        "repo": "flake-utils",
        "rev": "11707dc2f618dd54ca8739b309ec4fc024de578b",
        "type": "github"
      },
      "original": {
        "owner": "numtide",
        "repo": "flake-utils",
        "type": "github"
      }
    },
    "flake-utils_2": {
      "inputs": {
        "systems": "systems_2"
      },
      "locked": {
        "lastModified": 1710146030,
        "narHash": "sha256-SZ5L6eA7HJ/nmkzGG7/ISclqe6oZdOZTNoesiInkXPQ=",
        "owner": "numtide",
        "repo": "flake-utils",
        "rev": "b1d9ab70662946ef0850d488da1c9019f3a9752a",
        "type": "github"
      },
      "original": {
        "owner": "numtide",
        "repo": "flake-utils",
        "type": "github"
      }
    },
    "home-manager": {
      "inputs": {
        "nixpkgs": [
          "nixpkgs"
        ]
      },
      "locked": {
        "lastModified": 1746413188,
        "narHash": "sha256-i6BoiQP0PasExESQHszC0reQHfO6D4aI2GzOwZMOI20=",
        "owner": "nix-community",
        "repo": "home-manager",
        "rev": "8a318641ac13d3bc0a53651feaee9560f9b2d89a",
        "type": "github"
      },
      "original": {
        "owner": "nix-community",
        "repo": "home-manager",
        "type": "github"
      }
    },
    "nixpkgs": {
      "locked": {
        "lastModified": 1746328495,
        "narHash": "sha256-uKCfuDs7ZM3QpCE/jnfubTg459CnKnJG/LwqEVEdEiw=",
        "owner": "nixos",
        "repo": "nixpkgs",
        "rev": "979daf34c8cacebcd917d540070b52a3c2b9b16e",
        "type": "github"
      },
      "original": {
        "owner": "nixos",
        "ref": "nixos-unstable",
        "repo": "nixpkgs",
        "type": "github"
      }
    },
    "nixpkgs-unstable": {
      "locked": {
        "lastModified": 1745930157,
        "narHash": "sha256-y3h3NLnzRSiUkYpnfvnS669zWZLoqqI6NprtLQ+5dck=",
        "owner": "nixos",
        "repo": "nixpkgs",
        "rev": "46e634be05ce9dc6d4db8e664515ba10b78151ae",
        "type": "github"
      },
      "original": {
        "owner": "nixos",
        "ref": "nixos-unstable",
        "repo": "nixpkgs",
        "type": "github"
      }
    },
    "opnix": {
      "inputs": {
        "flake-utils": "flake-utils_2",
        "nixpkgs": [
          "nixpkgs"
        ]
      },
      "locked": {
        "lastModified": 1746482578,
        "narHash": "sha256-GVLV/2H2LeKlOgJpbq/EmwqIn96ZgxE037QMq1KOo+I=",
        "owner": "Sanae6",
        "repo": "opnix",
        "rev": "f5d4defa40c9081aa51cb502c0be6170187802de",
        "type": "github"
      },
      "original": {
        "owner": "Sanae6",
        "repo": "opnix",
        "type": "github"
      }
    },
    "root": {
      "inputs": {
        "extensions": "extensions",
        "fenix": "fenix",
        "home-manager": "home-manager",
        "nixpkgs": "nixpkgs",
        "nixpkgs-unstable": "nixpkgs-unstable",
        "opnix": "opnix",
        "zen-browser": "zen-browser"
      }
    },
    "rust-analyzer-src": {
      "flake": false,
      "locked": {
        "lastModified": 1746332785,
        "narHash": "sha256-d4/WBcspAR38AMsZysrQsenF1NmZ0/9GhjD4hxvPygo=",
        "owner": "rust-lang",
        "repo": "rust-analyzer",
        "rev": "3b57c001518aeb42511e177221f98ecf42104016",
        "type": "github"
      },
      "original": {
        "owner": "rust-lang",
        "ref": "nightly",
        "repo": "rust-analyzer",
        "type": "github"
      }
    },
    "systems": {
      "locked": {
        "lastModified": 1681028828,
        "narHash": "sha256-Vy1rq5AaRuLzOxct8nz4T6wlgyUR7zLU309k9mBC768=",
        "owner": "nix-systems",
        "repo": "default",
        "rev": "da67096a3b9bf56a91d16901293e51ba5b49a27e",
        "type": "github"
      },
      "original": {
        "owner": "nix-systems",
        "repo": "default",
        "type": "github"
      }
    },
    "systems_2": {
      "locked": {
        "lastModified": 1681028828,
        "narHash": "sha256-Vy1rq5AaRuLzOxct8nz4T6wlgyUR7zLU309k9mBC768=",
        "owner": "nix-systems",
        "repo": "default",
        "rev": "da67096a3b9bf56a91d16901293e51ba5b49a27e",
        "type": "github"
      },
      "original": {
        "owner": "nix-systems",
        "repo": "default",
        "type": "github"
      }
    },
    "zen-browser": {
      "inputs": {
        "nixpkgs": [
          "nixpkgs"
        ]
      },
      "locked": {
        "lastModified": 1746418026,
        "narHash": "sha256-WZ/KfDsTbhQlviO67z3aN7LvTSbOTk4B0Uv9WkL3+AE=",
        "owner": "youwen5",
        "repo": "zen-browser-flake",
        "rev": "e301784bfe90ff2b227e9042e5226a5807e21594",
        "type": "github"
      },
      "original": {
        "owner": "youwen5",
        "repo": "zen-browser-flake",
        "type": "github"
      }
    }
  },
  "root": "root",
  "version": 7
}
